
Microsoft Visual Studio Solution File, Format Version 12.00
# Visual Studio Version 17
VisualStudioVersion = 17.12.35506.116 d17.12
MinimumVisualStudioVersion = 10.0.40219.1
Project("{FAE04EC0-301F-11D3-BF4B-00C04F79EFBC}") = "ReportProducer", "ReportProducer\ReportProducer.csproj", "{ABF934D5-19E7-4B3F-80A5-85E9C3BD9C89}"
EndProject
Project("{E53339B2-1760-4266-BCC7-CA923CBCF16C}") = "docker-compose", "docker-compose.dcproj", "{D57D77F4-BB58-4497-A024-A20D779D7FFB}"
EndProject
Global
	GlobalSection(SolutionConfigurationPlatforms) = preSolution
		Debug|Any CPU = Debug|Any CPU
		Release|Any CPU = Release|Any CPU
	EndGlobalSection
	GlobalSection(ProjectConfigurationPlatforms) = postSolution
		{ABF934D5-19E7-4B3F-80A5-85E9C3BD9C89}.Debug|Any CPU.ActiveCfg = Debug|Any CPU
		{ABF934D5-19E7-4B3F-80A5-85E9C3BD9C89}.Debug|Any CPU.Build.0 = Debug|Any CPU
		{ABF934D5-19E7-4B3F-80A5-85E9C3BD9C89}.Release|Any CPU.ActiveCfg = Release|Any CPU
		{ABF934D5-19E7-4B3F-80A5-85E9C3BD9C89}.Release|Any CPU.Build.0 = Release|Any CPU
		{D57D77F4-BB58-4497-A024-A20D779D7FFB}.Debug|Any CPU.ActiveCfg = Debug|Any CPU
		{D57D77F4-BB58-4497-A024-A20D779D7FFB}.Debug|Any CPU.Build.0 = Debug|Any CPU
		{D57D77F4-BB58-4497-A024-A20D779D7FFB}.Release|Any CPU.ActiveCfg = Release|Any CPU
		{D57D77F4-BB58-4497-A024-A20D779D7FFB}.Release|Any CPU.Build.0 = Release|Any CPU
	EndGlobalSection
	GlobalSection(SolutionProperties) = preSolution
		HideSolutionNode = FALSE
	EndGlobalSection
EndGlobal
